
Microsoft Visual Studio Solution File, Format Version 12.00
# Visual Studio Version 16
VisualStudioVersion = 16.0.30804.86
MinimumVisualStudioVersion = 10.0.40219.1
Project("{9A19103F-16F7-4668-BE54-9A1E7A4F7556}") = "KampIntro", "KampIntro\KampIntro.csproj", "{A5F9324B-B25C-43D3-8E0F-643E96F0A002}"
EndProject
Project("{9A19103F-16F7-4668-BE54-9A1E7A4F7556}") = "Donguler", "Donguler\Donguler.csproj", "{5BA10378-EE9D-488C-9429-0E0CD8B28200}"
EndProject
Project("{9A19103F-16F7-4668-BE54-9A1E7A4F7556}") = "Metotlar", "Metotlar\Metotlar.csproj", "{873275EA-C192-4CF0-866C-E4DA1802088A}"
EndProject
Project("{9A19103F-16F7-4668-BE54-9A1E7A4F7556}") = "Matematik", "Matematik\Matematik.csproj", "{77F1E46D-13EB-4276-B9BA-4657034982F1}"
EndProject
Project("{9A19103F-16F7-4668-BE54-9A1E7A4F7556}") = "DegerVeReferansTipler", "DegerVeReferansTipler\DegerVeReferansTipler.csproj", "{0FD1C8F5-8EFA-4CAA-99D3-8005A4276803}"
EndProject
Project("{9A19103F-16F7-4668-BE54-9A1E7A4F7556}") = "OOP1", "OOP1\OOP1.csproj", "{B6FA345C-1522-471A-A9AA-00EB54C64823}"
EndProject
Project("{9A19103F-16F7-4668-BE54-9A1E7A4F7556}") = "Collections", "Collections\Collections.csproj", "{143BACD2-FAFA-49E5-B750-72F07C5BCAF4}"
EndProject
Project("{9A19103F-16F7-4668-BE54-9A1E7A4F7556}") = "GenericsIntro", "GenericsIntro\GenericsIntro.csproj", "{898EB7DE-F407-46D9-A3EE-FA9EDE5C8130}"
EndProject
Project("{FAE04EC0-301F-11D3-BF4B-00C04F79EFBC}") = "MyDictionary", "MyDictionary\MyDictionary.csproj", "{E63B3B61-C6B6-42DF-BBA2-7F3A0D836A01}"
EndProject
Project("{FAE04EC0-301F-11D3-BF4B-00C04F79EFBC}") = "OOP2", "OOP2\OOP2.csproj", "{BBF724AB-80C3-4394-AC5C-A34F9FE0864A}"
EndProject
Project("{FAE04EC0-301F-11D3-BF4B-00C04F79EFBC}") = "OOP3", "OOP3\OOP3.csproj", "{21FB7884-097F-4094-A15B-F07BF2BEEC20}"
EndProject
Global
	GlobalSection(SolutionConfigurationPlatforms) = preSolution
		Debug|Any CPU = Debug|Any CPU
		Release|Any CPU = Release|Any CPU
	EndGlobalSection
	GlobalSection(ProjectConfigurationPlatforms) = postSolution
		{A5F9324B-B25C-43D3-8E0F-643E96F0A002}.Debug|Any CPU.ActiveCfg = Debug|Any CPU
		{A5F9324B-B25C-43D3-8E0F-643E96F0A002}.Debug|Any CPU.Build.0 = Debug|Any CPU
		{A5F9324B-B25C-43D3-8E0F-643E96F0A002}.Release|Any CPU.ActiveCfg = Release|Any CPU
		{A5F9324B-B25C-43D3-8E0F-643E96F0A002}.Release|Any CPU.Build.0 = Release|Any CPU
		{5BA10378-EE9D-488C-9429-0E0CD8B28200}.Debug|Any CPU.ActiveCfg = Debug|Any CPU
		{5BA10378-EE9D-488C-9429-0E0CD8B28200}.Debug|Any CPU.Build.0 = Debug|Any CPU
		{5BA10378-EE9D-488C-9429-0E0CD8B28200}.Release|Any CPU.ActiveCfg = Release|Any CPU
		{5BA10378-EE9D-488C-9429-0E0CD8B28200}.Release|Any CPU.Build.0 = Release|Any CPU
		{873275EA-C192-4CF0-866C-E4DA1802088A}.Debug|Any CPU.ActiveCfg = Debug|Any CPU
		{873275EA-C192-4CF0-866C-E4DA1802088A}.Debug|Any CPU.Build.0 = Debug|Any CPU
		{873275EA-C192-4CF0-866C-E4DA1802088A}.Release|Any CPU.ActiveCfg = Release|Any CPU
		{873275EA-C192-4CF0-866C-E4DA1802088A}.Release|Any CPU.Build.0 = Release|Any CPU
		{77F1E46D-13EB-4276-B9BA-4657034982F1}.Debug|Any CPU.ActiveCfg = Debug|Any CPU
		{77F1E46D-13EB-4276-B9BA-4657034982F1}.Debug|Any CPU.Build.0 = Debug|Any CPU
		{77F1E46D-13EB-4276-B9BA-4657034982F1}.Release|Any CPU.ActiveCfg = Release|Any CPU
		{77F1E46D-13EB-4276-B9BA-4657034982F1}.Release|Any CPU.Build.0 = Release|Any CPU
		{0FD1C8F5-8EFA-4CAA-99D3-8005A4276803}.Debug|Any CPU.ActiveCfg = Debug|Any CPU
		{0FD1C8F5-8EFA-4CAA-99D3-8005A4276803}.Debug|Any CPU.Build.0 = Debug|Any CPU
		{0FD1C8F5-8EFA-4CAA-99D3-8005A4276803}.Release|Any CPU.ActiveCfg = Release|Any CPU
		{0FD1C8F5-8EFA-4CAA-99D3-8005A4276803}.Release|Any CPU.Build.0 = Release|Any CPU
		{B6FA345C-1522-471A-A9AA-00EB54C64823}.Debug|Any CPU.ActiveCfg = Debug|Any CPU
		{B6FA345C-1522-471A-A9AA-00EB54C64823}.Debug|Any CPU.Build.0 = Debug|Any CPU
		{B6FA345C-1522-471A-A9AA-00EB54C64823}.Release|Any CPU.ActiveCfg = Release|Any CPU
		{B6FA345C-1522-471A-A9AA-00EB54C64823}.Release|Any CPU.Build.0 = Release|Any CPU
		{143BACD2-FAFA-49E5-B750-72F07C5BCAF4}.Debug|Any CPU.ActiveCfg = Debug|Any CPU
		{143BACD2-FAFA-49E5-B750-72F07C5BCAF4}.Debug|Any CPU.Build.0 = Debug|Any CPU
		{143BACD2-FAFA-49E5-B750-72F07C5BCAF4}.Release|Any CPU.ActiveCfg = Release|Any CPU
		{143BACD2-FAFA-49E5-B750-72F07C5BCAF4}.Release|Any CPU.Build.0 = Release|Any CPU
		{898EB7DE-F407-46D9-A3EE-FA9EDE5C8130}.Debug|Any CPU.ActiveCfg = Debug|Any CPU
		{898EB7DE-F407-46D9-A3EE-FA9EDE5C8130}.Debug|Any CPU.Build.0 = Debug|Any CPU
		{898EB7DE-F407-46D9-A3EE-FA9EDE5C8130}.Release|Any CPU.ActiveCfg = Release|Any CPU
		{898EB7DE-F407-46D9-A3EE-FA9EDE5C8130}.Release|Any CPU.Build.0 = Release|Any CPU
		{E63B3B61-C6B6-42DF-BBA2-7F3A0D836A01}.Debug|Any CPU.ActiveCfg = Debug|Any CPU
		{E63B3B61-C6B6-42DF-BBA2-7F3A0D836A01}.Debug|Any CPU.Build.0 = Debug|Any CPU
		{E63B3B61-C6B6-42DF-BBA2-7F3A0D836A01}.Release|Any CPU.ActiveCfg = Release|Any CPU
		{E63B3B61-C6B6-42DF-BBA2-7F3A0D836A01}.Release|Any CPU.Build.0 = Release|Any CPU
		{BBF724AB-80C3-4394-AC5C-A34F9FE0864A}.Debug|Any CPU.ActiveCfg = Debug|Any CPU
		{BBF724AB-80C3-4394-AC5C-A34F9FE0864A}.Debug|Any CPU.Build.0 = Debug|Any CPU
		{BBF724AB-80C3-4394-AC5C-A34F9FE0864A}.Release|Any CPU.ActiveCfg = Release|Any CPU
		{BBF724AB-80C3-4394-AC5C-A34F9FE0864A}.Release|Any CPU.Build.0 = Release|Any CPU
		{21FB7884-097F-4094-A15B-F07BF2BEEC20}.Debug|Any CPU.ActiveCfg = Debug|Any CPU
		{21FB7884-097F-4094-A15B-F07BF2BEEC20}.Debug|Any CPU.Build.0 = Debug|Any CPU
		{21FB7884-097F-4094-A15B-F07BF2BEEC20}.Release|Any CPU.ActiveCfg = Release|Any CPU
		{21FB7884-097F-4094-A15B-F07BF2BEEC20}.Release|Any CPU.Build.0 = Release|Any CPU
	EndGlobalSection
	GlobalSection(SolutionProperties) = preSolution
		HideSolutionNode = FALSE
	EndGlobalSection
	GlobalSection(ExtensibilityGlobals) = postSolution
		SolutionGuid = {D07BDFD4-67E1-4F1F-A61E-96EC83C01A9C}
	EndGlobalSection
EndGlobal
